// !$*UTF8*$!
{
	archiveVersion = 1;
	classes = {
	};
	objectVersion = 46;
	objects = {

/* Begin PBXBuildFile section */
		7D742E901E65122200EABF88 /* main.m in Sources */ = {isa = PBXBuildFile; fileRef = 7D742E8F1E65122200EABF88 /* main.m */; };
		7D742E931E65122200EABF88 /* AppDelegate.m in Sources */ = {isa = PBXBuildFile; fileRef = 7D742E921E65122200EABF88 /* AppDelegate.m */; };
		7D742E961E65122200EABF88 /* ViewController.m in Sources */ = {isa = PBXBuildFile; fileRef = 7D742E951E65122200EABF88 /* ViewController.m */; };
		7D742E991E65122200EABF88 /* Main.storyboard in Resources */ = {isa = PBXBuildFile; fileRef = 7D742E971E65122200EABF88 /* Main.storyboard */; };
		7D742E9B1E65122200EABF88 /* Assets.xcassets in Resources */ = {isa = PBXBuildFile; fileRef = 7D742E9A1E65122200EABF88 /* Assets.xcassets */; };
		7D742E9E1E65122200EABF88 /* LaunchScreen.storyboard in Resources */ = {isa = PBXBuildFile; fileRef = 7D742E9C1E65122200EABF88 /* LaunchScreen.storyboard */; };
		7D742EA91E65122200EABF88 /* AutoDoorProTests.m in Sources */ = {isa = PBXBuildFile; fileRef = 7D742EA81E65122200EABF88 /* AutoDoorProTests.m */; };
		7D742EB41E65122200EABF88 /* AutoDoorProUITests.m in Sources */ = {isa = PBXBuildFile; fileRef = 7D742EB31E65122200EABF88 /* AutoDoorProUITests.m */; };
		7D742EC41E6512B900EABF88 /* CoreBluetooth.framework in Frameworks */ = {isa = PBXBuildFile; fileRef = 7D742EC31E6512B900EABF88 /* CoreBluetooth.framework */; };
		7D742EC91E65135D00EABF88 /* ControllDoorController.m in Sources */ = {isa = PBXBuildFile; fileRef = 7D742EC81E65135D00EABF88 /* ControllDoorController.m */; };
		7D742ECD1E6555F700EABF88 /* SettingsController.m in Sources */ = {isa = PBXBuildFile; fileRef = 7D742ECC1E6555F700EABF88 /* SettingsController.m */; };
		7D742ED01E6556F800EABF88 /* XHNavView.m in Sources */ = {isa = PBXBuildFile; fileRef = 7D742ECF1E6556F800EABF88 /* XHNavView.m */; };
		7D7DD92B1E8135150005EED8 /* UMConfig.m in Sources */ = {isa = PBXBuildFile; fileRef = 7D7DD92A1E8135150005EED8 /* UMConfig.m */; };
		7D7F50D21E665E6400446A4A /* SEFilterControl.m in Sources */ = {isa = PBXBuildFile; fileRef = 7D7F50CF1E665E6400446A4A /* SEFilterControl.m */; };
		7D7F50D31E665E6400446A4A /* SEFilterKnob.m in Sources */ = {isa = PBXBuildFile; fileRef = 7D7F50D11E665E6400446A4A /* SEFilterKnob.m */; };
		7D7F50D71E669B4200446A4A /* UIButton+Block.m in Sources */ = {isa = PBXBuildFile; fileRef = 7D7F50D61E669B4200446A4A /* UIButton+Block.m */; };
		7D84244D1E7BBF8F0049C8D6 /* BLECode.m in Sources */ = {isa = PBXBuildFile; fileRef = 7D84244C1E7BBF8F0049C8D6 /* BLECode.m */; };
		7D8581D01E7F6C3B0046DAE5 /* BLESliderView.m in Sources */ = {isa = PBXBuildFile; fileRef = 7D8581CF1E7F6C3B0046DAE5 /* BLESliderView.m */; };
		7DBB538A1E9E18F30006A2A2 /* BLETool.m in Sources */ = {isa = PBXBuildFile; fileRef = 7DBB53891E9E18F30006A2A2 /* BLETool.m */; };
		7DC8F2A91E7A2A4E006E46F7 /* PeripheralInfo.m in Sources */ = {isa = PBXBuildFile; fileRef = 7DC8F2A81E7A2A4E006E46F7 /* PeripheralInfo.m */; };
		B1A084B01B257BE883220318 /* libPods-AutoDoorPro.a in Frameworks */ = {isa = PBXBuildFile; fileRef = 7BBFE3BBB5A5B07B6CB9F03A /* libPods-AutoDoorPro.a */; };
/* End PBXBuildFile section */

/* Begin PBXContainerItemProxy section */
		7D742EA51E65122200EABF88 /* PBXContainerItemProxy */ = {
			isa = PBXContainerItemProxy;
			containerPortal = 7D742E831E65122200EABF88 /* Project object */;
			proxyType = 1;
			remoteGlobalIDString = 7D742E8A1E65122200EABF88;
			remoteInfo = AutoDoorPro;
		};
		7D742EB01E65122200EABF88 /* PBXContainerItemProxy */ = {
			isa = PBXContainerItemProxy;
			containerPortal = 7D742E831E65122200EABF88 /* Project object */;
			proxyType = 1;
			remoteGlobalIDString = 7D742E8A1E65122200EABF88;
			remoteInfo = AutoDoorPro;
		};
/* End PBXContainerItemProxy section */

/* Begin PBXFileReference section */
		7BBFE3BBB5A5B07B6CB9F03A /* libPods-AutoDoorPro.a */ = {isa = PBXFileReference; explicitFileType = archive.ar; includeInIndex = 0; path = "libPods-AutoDoorPro.a"; sourceTree = BUILT_PRODUCTS_DIR; };
		7D742E8B1E65122200EABF88 /* AutoDoorPro.app */ = {isa = PBXFileReference; explicitFileType = wrapper.application; includeInIndex = 0; path = AutoDoorPro.app; sourceTree = BUILT_PRODUCTS_DIR; };
		7D742E8F1E65122200EABF88 /* main.m */ = {isa = PBXFileReference; lastKnownFileType = sourcecode.c.objc; path = main.m; sourceTree = "<group>"; };
		7D742E911E65122200EABF88 /* AppDelegate.h */ = {isa = PBXFileReference; lastKnownFileType = sourcecode.c.h; path = AppDelegate.h; sourceTree = "<group>"; };
		7D742E921E65122200EABF88 /* AppDelegate.m */ = {isa = PBXFileReference; lastKnownFileType = sourcecode.c.objc; path = AppDelegate.m; sourceTree = "<group>"; };
		7D742E941E65122200EABF88 /* ViewController.h */ = {isa = PBXFileReference; lastKnownFileType = sourcecode.c.h; path = ViewController.h; sourceTree = "<group>"; };
		7D742E951E65122200EABF88 /* ViewController.m */ = {isa = PBXFileReference; lastKnownFileType = sourcecode.c.objc; path = ViewController.m; sourceTree = "<group>"; };
		7D742E981E65122200EABF88 /* Base */ = {isa = PBXFileReference; lastKnownFileType = file.storyboard; name = Base; path = Base.lproj/Main.storyboard; sourceTree = "<group>"; };
		7D742E9A1E65122200EABF88 /* Assets.xcassets */ = {isa = PBXFileReference; lastKnownFileType = folder.assetcatalog; path = Assets.xcassets; sourceTree = "<group>"; };
		7D742E9D1E65122200EABF88 /* Base */ = {isa = PBXFileReference; lastKnownFileType = file.storyboard; name = Base; path = Base.lproj/LaunchScreen.storyboard; sourceTree = "<group>"; };
		7D742E9F1E65122200EABF88 /* Info.plist */ = {isa = PBXFileReference; lastKnownFileType = text.plist.xml; path = Info.plist; sourceTree = "<group>"; };
		7D742EA41E65122200EABF88 /* AutoDoorProTests.xctest */ = {isa = PBXFileReference; explicitFileType = wrapper.cfbundle; includeInIndex = 0; path = AutoDoorProTests.xctest; sourceTree = BUILT_PRODUCTS_DIR; };
		7D742EA81E65122200EABF88 /* AutoDoorProTests.m */ = {isa = PBXFileReference; lastKnownFileType = sourcecode.c.objc; path = AutoDoorProTests.m; sourceTree = "<group>"; };
		7D742EAA1E65122200EABF88 /* Info.plist */ = {isa = PBXFileReference; lastKnownFileType = text.plist.xml; path = Info.plist; sourceTree = "<group>"; };
		7D742EAF1E65122200EABF88 /* AutoDoorProUITests.xctest */ = {isa = PBXFileReference; explicitFileType = wrapper.cfbundle; includeInIndex = 0; path = AutoDoorProUITests.xctest; sourceTree = BUILT_PRODUCTS_DIR; };
		7D742EB31E65122200EABF88 /* AutoDoorProUITests.m */ = {isa = PBXFileReference; lastKnownFileType = sourcecode.c.objc; path = AutoDoorProUITests.m; sourceTree = "<group>"; };
		7D742EB51E65122200EABF88 /* Info.plist */ = {isa = PBXFileReference; lastKnownFileType = text.plist.xml; path = Info.plist; sourceTree = "<group>"; };
		7D742EC11E65124800EABF88 /* AutodoorPrefixHeader.pch */ = {isa = PBXFileReference; lastKnownFileType = sourcecode.c.h; path = AutodoorPrefixHeader.pch; sourceTree = "<group>"; };
		7D742EC31E6512B900EABF88 /* CoreBluetooth.framework */ = {isa = PBXFileReference; lastKnownFileType = wrapper.framework; name = CoreBluetooth.framework; path = System/Library/Frameworks/CoreBluetooth.framework; sourceTree = SDKROOT; };
		7D742EC71E65135D00EABF88 /* ControllDoorController.h */ = {isa = PBXFileReference; fileEncoding = 4; lastKnownFileType = sourcecode.c.h; path = ControllDoorController.h; sourceTree = "<group>"; };
		7D742EC81E65135D00EABF88 /* ControllDoorController.m */ = {isa = PBXFileReference; fileEncoding = 4; lastKnownFileType = sourcecode.c.objc; path = ControllDoorController.m; sourceTree = "<group>"; };
		7D742ECB1E6555F700EABF88 /* SettingsController.h */ = {isa = PBXFileReference; fileEncoding = 4; lastKnownFileType = sourcecode.c.h; path = SettingsController.h; sourceTree = "<group>"; };
		7D742ECC1E6555F700EABF88 /* SettingsController.m */ = {isa = PBXFileReference; fileEncoding = 4; lastKnownFileType = sourcecode.c.objc; path = SettingsController.m; sourceTree = "<group>"; };
		7D742ECE1E6556F800EABF88 /* XHNavView.h */ = {isa = PBXFileReference; fileEncoding = 4; lastKnownFileType = sourcecode.c.h; name = XHNavView.h; path = ../XHNavView.h; sourceTree = "<group>"; };
		7D742ECF1E6556F800EABF88 /* XHNavView.m */ = {isa = PBXFileReference; fileEncoding = 4; lastKnownFileType = sourcecode.c.objc; name = XHNavView.m; path = ../XHNavView.m; sourceTree = "<group>"; };
		7D7DD9291E8135150005EED8 /* UMConfig.h */ = {isa = PBXFileReference; fileEncoding = 4; lastKnownFileType = sourcecode.c.h; path = UMConfig.h; sourceTree = "<group>"; };
		7D7DD92A1E8135150005EED8 /* UMConfig.m */ = {isa = PBXFileReference; fileEncoding = 4; lastKnownFileType = sourcecode.c.objc; path = UMConfig.m; sourceTree = "<group>"; };
		7D7F50CE1E665E6400446A4A /* SEFilterControl.h */ = {isa = PBXFileReference; fileEncoding = 4; lastKnownFileType = sourcecode.c.h; path = SEFilterControl.h; sourceTree = "<group>"; };
		7D7F50CF1E665E6400446A4A /* SEFilterControl.m */ = {isa = PBXFileReference; fileEncoding = 4; lastKnownFileType = sourcecode.c.objc; path = SEFilterControl.m; sourceTree = "<group>"; };
		7D7F50D01E665E6400446A4A /* SEFilterKnob.h */ = {isa = PBXFileReference; fileEncoding = 4; lastKnownFileType = sourcecode.c.h; path = SEFilterKnob.h; sourceTree = "<group>"; };
		7D7F50D11E665E6400446A4A /* SEFilterKnob.m */ = {isa = PBXFileReference; fileEncoding = 4; lastKnownFileType = sourcecode.c.objc; path = SEFilterKnob.m; sourceTree = "<group>"; };
		7D7F50D51E669B4200446A4A /* UIButton+Block.h */ = {isa = PBXFileReference; fileEncoding = 4; lastKnownFileType = sourcecode.c.h; path = "UIButton+Block.h"; sourceTree = "<group>"; };
		7D7F50D61E669B4200446A4A /* UIButton+Block.m */ = {isa = PBXFileReference; fileEncoding = 4; lastKnownFileType = sourcecode.c.objc; path = "UIButton+Block.m"; sourceTree = "<group>"; };
		7D8424481E7B8A000049C8D6 /* Macro.h */ = {isa = PBXFileReference; lastKnownFileType = sourcecode.c.h; path = Macro.h; sourceTree = "<group>"; };
		7D84244B1E7BBF8F0049C8D6 /* BLECode.h */ = {isa = PBXFileReference; fileEncoding = 4; lastKnownFileType = sourcecode.c.h; path = BLECode.h; sourceTree = "<group>"; };
		7D84244C1E7BBF8F0049C8D6 /* BLECode.m */ = {isa = PBXFileReference; fileEncoding = 4; lastKnownFileType = sourcecode.c.objc; path = BLECode.m; sourceTree = "<group>"; };
		7D8581CE1E7F6C3B0046DAE5 /* BLESliderView.h */ = {isa = PBXFileReference; fileEncoding = 4; lastKnownFileType = sourcecode.c.h; path = BLESliderView.h; sourceTree = "<group>"; };
		7D8581CF1E7F6C3B0046DAE5 /* BLESliderView.m */ = {isa = PBXFileReference; fileEncoding = 4; lastKnownFileType = sourcecode.c.objc; path = BLESliderView.m; sourceTree = "<group>"; };
		7DBB53881E9E18F30006A2A2 /* BLETool.h */ = {isa = PBXFileReference; fileEncoding = 4; lastKnownFileType = sourcecode.c.h; path = BLETool.h; sourceTree = "<group>"; };
		7DBB53891E9E18F30006A2A2 /* BLETool.m */ = {isa = PBXFileReference; fileEncoding = 4; lastKnownFileType = sourcecode.c.objc; path = BLETool.m; sourceTree = "<group>"; };
		7DC8F2A71E7A2A4E006E46F7 /* PeripheralInfo.h */ = {isa = PBXFileReference; fileEncoding = 4; lastKnownFileType = sourcecode.c.h; path = PeripheralInfo.h; sourceTree = "<group>"; };
		7DC8F2A81E7A2A4E006E46F7 /* PeripheralInfo.m */ = {isa = PBXFileReference; fileEncoding = 4; lastKnownFileType = sourcecode.c.objc; path = PeripheralInfo.m; sourceTree = "<group>"; };
		C3136FBD5939C536188BD217 /* Pods-AutoDoorPro.debug.xcconfig */ = {isa = PBXFileReference; includeInIndex = 1; lastKnownFileType = text.xcconfig; name = "Pods-AutoDoorPro.debug.xcconfig"; path = "Pods/Target Support Files/Pods-AutoDoorPro/Pods-AutoDoorPro.debug.xcconfig"; sourceTree = "<group>"; };
		FBA2402617430B8ECD6447FC /* Pods-AutoDoorPro.release.xcconfig */ = {isa = PBXFileReference; includeInIndex = 1; lastKnownFileType = text.xcconfig; name = "Pods-AutoDoorPro.release.xcconfig"; path = "Pods/Target Support Files/Pods-AutoDoorPro/Pods-AutoDoorPro.release.xcconfig"; sourceTree = "<group>"; };
/* End PBXFileReference section */

/* Begin PBXFrameworksBuildPhase section */
		7D742E881E65122200EABF88 /* Frameworks */ = {
			isa = PBXFrameworksBuildPhase;
			buildActionMask = 2147483647;
			files = (
				7D742EC41E6512B900EABF88 /* CoreBluetooth.framework in Frameworks */,
				B1A084B01B257BE883220318 /* libPods-AutoDoorPro.a in Frameworks */,
			);
			runOnlyForDeploymentPostprocessing = 0;
		};
		7D742EA11E65122200EABF88 /* Frameworks */ = {
			isa = PBXFrameworksBuildPhase;
			buildActionMask = 2147483647;
			files = (
			);
			runOnlyForDeploymentPostprocessing = 0;
		};
		7D742EAC1E65122200EABF88 /* Frameworks */ = {
			isa = PBXFrameworksBuildPhase;
			buildActionMask = 2147483647;
			files = (
			);
			runOnlyForDeploymentPostprocessing = 0;
		};
/* End PBXFrameworksBuildPhase section */

/* Begin PBXGroup section */
		2B86E52FA1016C5943C93671 /* Pods */ = {
			isa = PBXGroup;
			children = (
				C3136FBD5939C536188BD217 /* Pods-AutoDoorPro.debug.xcconfig */,
				FBA2402617430B8ECD6447FC /* Pods-AutoDoorPro.release.xcconfig */,
			);
			name = Pods;
			sourceTree = "<group>";
		};
		7D742E821E65122200EABF88 = {
			isa = PBXGroup;
			children = (
				7D742E8D1E65122200EABF88 /* AutoDoorPro */,
				7D742EA71E65122200EABF88 /* AutoDoorProTests */,
				7D742EB21E65122200EABF88 /* AutoDoorProUITests */,
				7D742E8C1E65122200EABF88 /* Products */,
				7D742EC21E6512B900EABF88 /* Frameworks */,
				2B86E52FA1016C5943C93671 /* Pods */,
			);
			sourceTree = "<group>";
		};
		7D742E8C1E65122200EABF88 /* Products */ = {
			isa = PBXGroup;
			children = (
				7D742E8B1E65122200EABF88 /* AutoDoorPro.app */,
				7D742EA41E65122200EABF88 /* AutoDoorProTests.xctest */,
				7D742EAF1E65122200EABF88 /* AutoDoorProUITests.xctest */,
			);
			name = Products;
			sourceTree = "<group>";
		};
		7D742E8D1E65122200EABF88 /* AutoDoorPro */ = {
			isa = PBXGroup;
			children = (
				7D742EC51E65132500EABF88 /* Class */,
				7D742E911E65122200EABF88 /* AppDelegate.h */,
				7D742E921E65122200EABF88 /* AppDelegate.m */,
				7D742E941E65122200EABF88 /* ViewController.h */,
				7D742E951E65122200EABF88 /* ViewController.m */,
				7D742E971E65122200EABF88 /* Main.storyboard */,
				7D742E9A1E65122200EABF88 /* Assets.xcassets */,
				7D742E9C1E65122200EABF88 /* LaunchScreen.storyboard */,
				7D742E9F1E65122200EABF88 /* Info.plist */,
				7D742E8E1E65122200EABF88 /* Supporting Files */,
			);
			path = AutoDoorPro;
			sourceTree = "<group>";
		};
		7D742E8E1E65122200EABF88 /* Supporting Files */ = {
			isa = PBXGroup;
			children = (
				7D742E8F1E65122200EABF88 /* main.m */,
				7D742EC11E65124800EABF88 /* AutodoorPrefixHeader.pch */,
			);
			name = "Supporting Files";
			sourceTree = "<group>";
		};
		7D742EA71E65122200EABF88 /* AutoDoorProTests */ = {
			isa = PBXGroup;
			children = (
				7D742EA81E65122200EABF88 /* AutoDoorProTests.m */,
				7D742EAA1E65122200EABF88 /* Info.plist */,
			);
			path = AutoDoorProTests;
			sourceTree = "<group>";
		};
		7D742EB21E65122200EABF88 /* AutoDoorProUITests */ = {
			isa = PBXGroup;
			children = (
				7D742EB31E65122200EABF88 /* AutoDoorProUITests.m */,
				7D742EB51E65122200EABF88 /* Info.plist */,
			);
			path = AutoDoorProUITests;
			sourceTree = "<group>";
		};
		7D742EC21E6512B900EABF88 /* Frameworks */ = {
			isa = PBXGroup;
			children = (
				7D742EC31E6512B900EABF88 /* CoreBluetooth.framework */,
				7BBFE3BBB5A5B07B6CB9F03A /* libPods-AutoDoorPro.a */,
			);
			name = Frameworks;
			sourceTree = "<group>";
		};
		7D742EC51E65132500EABF88 /* Class */ = {
			isa = PBXGroup;
			children = (
				7D7F50D81E669C1000446A4A /* Common */,
				7D7F50D41E669B3A00446A4A /* Tools */,
				7D742ECA1E6555E100EABF88 /* Settings */,
				7D742EC61E65134500EABF88 /* ControlDoor */,
			);
			path = Class;
			sourceTree = "<group>";
		};
		7D742EC61E65134500EABF88 /* ControlDoor */ = {
			isa = PBXGroup;
			children = (
				7D742EC71E65135D00EABF88 /* ControllDoorController.h */,
				7D742EC81E65135D00EABF88 /* ControllDoorController.m */,
				7DC8F2A71E7A2A4E006E46F7 /* PeripheralInfo.h */,
				7DC8F2A81E7A2A4E006E46F7 /* PeripheralInfo.m */,
			);
			path = ControlDoor;
			sourceTree = "<group>";
		};
		7D742ECA1E6555E100EABF88 /* Settings */ = {
			isa = PBXGroup;
			children = (
				7D7F50CE1E665E6400446A4A /* SEFilterControl.h */,
				7D7F50CF1E665E6400446A4A /* SEFilterControl.m */,
				7D7F50D01E665E6400446A4A /* SEFilterKnob.h */,
				7D7F50D11E665E6400446A4A /* SEFilterKnob.m */,
				7D742ECB1E6555F700EABF88 /* SettingsController.h */,
				7D742ECC1E6555F700EABF88 /* SettingsController.m */,
				7D8581CE1E7F6C3B0046DAE5 /* BLESliderView.h */,
				7D8581CF1E7F6C3B0046DAE5 /* BLESliderView.m */,
			);
			path = Settings;
			sourceTree = "<group>";
		};
		7D7F50D41E669B3A00446A4A /* Tools */ = {
			isa = PBXGroup;
			children = (
				7D7DD9291E8135150005EED8 /* UMConfig.h */,
				7D7DD92A1E8135150005EED8 /* UMConfig.m */,
				7D7F50D51E669B4200446A4A /* UIButton+Block.h */,
				7D7F50D61E669B4200446A4A /* UIButton+Block.m */,
				7DBB53881E9E18F30006A2A2 /* BLETool.h */,
				7DBB53891E9E18F30006A2A2 /* BLETool.m */,
			);
			path = Tools;
			sourceTree = "<group>";
		};
		7D7F50D81E669C1000446A4A /* Common */ = {
			isa = PBXGroup;
			children = (
				7D742ECE1E6556F800EABF88 /* XHNavView.h */,
				7D742ECF1E6556F800EABF88 /* XHNavView.m */,
				7D8424481E7B8A000049C8D6 /* Macro.h */,
				7D84244B1E7BBF8F0049C8D6 /* BLECode.h */,
				7D84244C1E7BBF8F0049C8D6 /* BLECode.m */,
			);
			path = Common;
			sourceTree = "<group>";
		};
/* End PBXGroup section */

/* Begin PBXNativeTarget section */
		7D742E8A1E65122200EABF88 /* AutoDoorPro */ = {
			isa = PBXNativeTarget;
			buildConfigurationList = 7D742EB81E65122200EABF88 /* Build configuration list for PBXNativeTarget "AutoDoorPro" */;
			buildPhases = (
				950AED550D618BD0E307B0F5 /* [CP] Check Pods Manifest.lock */,
				7D742E871E65122200EABF88 /* Sources */,
				7D742E881E65122200EABF88 /* Frameworks */,
				7D742E891E65122200EABF88 /* Resources */,
				D211973676A79DBACB5810B2 /* [CP] Embed Pods Frameworks */,
				F38EFAB0D7C3336E637211C7 /* [CP] Copy Pods Resources */,
			);
			buildRules = (
			);
			dependencies = (
			);
			name = AutoDoorPro;
			productName = AutoDoorPro;
			productReference = 7D742E8B1E65122200EABF88 /* AutoDoorPro.app */;
			productType = "com.apple.product-type.application";
		};
		7D742EA31E65122200EABF88 /* AutoDoorProTests */ = {
			isa = PBXNativeTarget;
			buildConfigurationList = 7D742EBB1E65122200EABF88 /* Build configuration list for PBXNativeTarget "AutoDoorProTests" */;
			buildPhases = (
				7D742EA01E65122200EABF88 /* Sources */,
				7D742EA11E65122200EABF88 /* Frameworks */,
				7D742EA21E65122200EABF88 /* Resources */,
			);
			buildRules = (
			);
			dependencies = (
				7D742EA61E65122200EABF88 /* PBXTargetDependency */,
			);
			name = AutoDoorProTests;
			productName = AutoDoorProTests;
			productReference = 7D742EA41E65122200EABF88 /* AutoDoorProTests.xctest */;
			productType = "com.apple.product-type.bundle.unit-test";
		};
		7D742EAE1E65122200EABF88 /* AutoDoorProUITests */ = {
			isa = PBXNativeTarget;
			buildConfigurationList = 7D742EBE1E65122200EABF88 /* Build configuration list for PBXNativeTarget "AutoDoorProUITests" */;
			buildPhases = (
				7D742EAB1E65122200EABF88 /* Sources */,
				7D742EAC1E65122200EABF88 /* Frameworks */,
				7D742EAD1E65122200EABF88 /* Resources */,
			);
			buildRules = (
			);
			dependencies = (
				7D742EB11E65122200EABF88 /* PBXTargetDependency */,
			);
			name = AutoDoorProUITests;
			productName = AutoDoorProUITests;
			productReference = 7D742EAF1E65122200EABF88 /* AutoDoorProUITests.xctest */;
			productType = "com.apple.product-type.bundle.ui-testing";
		};
/* End PBXNativeTarget section */

/* Begin PBXProject section */
		7D742E831E65122200EABF88 /* Project object */ = {
			isa = PBXProject;
			attributes = {
				LastUpgradeCheck = 0820;
				ORGANIZATIONNAME = "梁先华";
				TargetAttributes = {
					7D742E8A1E65122200EABF88 = {
						CreatedOnToolsVersion = 8.2.1;
						DevelopmentTeam = U67HE66P67;
						ProvisioningStyle = Automatic;
					};
					7D742EA31E65122200EABF88 = {
						CreatedOnToolsVersion = 8.2.1;
						DevelopmentTeam = Y7K95VGMAC;
						ProvisioningStyle = Automatic;
						TestTargetID = 7D742E8A1E65122200EABF88;
					};
					7D742EAE1E65122200EABF88 = {
						CreatedOnToolsVersion = 8.2.1;
						DevelopmentTeam = Y7K95VGMAC;
						ProvisioningStyle = Automatic;
						TestTargetID = 7D742E8A1E65122200EABF88;
					};
				};
			};
			buildConfigurationList = 7D742E861E65122200EABF88 /* Build configuration list for PBXProject "AutoDoorPro" */;
			compatibilityVersion = "Xcode 3.2";
			developmentRegion = English;
			hasScannedForEncodings = 0;
			knownRegions = (
				en,
				Base,
			);
			mainGroup = 7D742E821E65122200EABF88;
			productRefGroup = 7D742E8C1E65122200EABF88 /* Products */;
			projectDirPath = "";
			projectRoot = "";
			targets = (
				7D742E8A1E65122200EABF88 /* AutoDoorPro */,
				7D742EA31E65122200EABF88 /* AutoDoorProTests */,
				7D742EAE1E65122200EABF88 /* AutoDoorProUITests */,
			);
		};
/* End PBXProject section */

/* Begin PBXResourcesBuildPhase section */
		7D742E891E65122200EABF88 /* Resources */ = {
			isa = PBXResourcesBuildPhase;
			buildActionMask = 2147483647;
			files = (
				7D742E9E1E65122200EABF88 /* LaunchScreen.storyboard in Resources */,
				7D742E9B1E65122200EABF88 /* Assets.xcassets in Resources */,
				7D742E991E65122200EABF88 /* Main.storyboard in Resources */,
			);
			runOnlyForDeploymentPostprocessing = 0;
		};
		7D742EA21E65122200EABF88 /* Resources */ = {
			isa = PBXResourcesBuildPhase;
			buildActionMask = 2147483647;
			files = (
			);
			runOnlyForDeploymentPostprocessing = 0;
		};
		7D742EAD1E65122200EABF88 /* Resources */ = {
			isa = PBXResourcesBuildPhase;
			buildActionMask = 2147483647;
			files = (
			);
			runOnlyForDeploymentPostprocessing = 0;
		};
/* End PBXResourcesBuildPhase section */

/* Begin PBXShellScriptBuildPhase section */
		950AED550D618BD0E307B0F5 /* [CP] Check Pods Manifest.lock */ = {
			isa = PBXShellScriptBuildPhase;
			buildActionMask = 2147483647;
			files = (
			);
			inputPaths = (
			);
			name = "[CP] Check Pods Manifest.lock";
			outputPaths = (
			);
			runOnlyForDeploymentPostprocessing = 0;
			shellPath = /bin/sh;
			shellScript = "diff \"${PODS_ROOT}/../Podfile.lock\" \"${PODS_ROOT}/Manifest.lock\" > /dev/null\nif [ $? != 0 ] ; then\n    # print error to STDERR\n    echo \"error: The sandbox is not in sync with the Podfile.lock. Run 'pod install' or update your CocoaPods installation.\" >&2\n    exit 1\nfi\n";
			showEnvVarsInLog = 0;
		};
		D211973676A79DBACB5810B2 /* [CP] Embed Pods Frameworks */ = {
			isa = PBXShellScriptBuildPhase;
			buildActionMask = 2147483647;
			files = (
			);
			inputPaths = (
			);
			name = "[CP] Embed Pods Frameworks";
			outputPaths = (
			);
			runOnlyForDeploymentPostprocessing = 0;
			shellPath = /bin/sh;
			shellScript = "\"${SRCROOT}/Pods/Target Support Files/Pods-AutoDoorPro/Pods-AutoDoorPro-frameworks.sh\"\n";
			showEnvVarsInLog = 0;
		};
		F38EFAB0D7C3336E637211C7 /* [CP] Copy Pods Resources */ = {
			isa = PBXShellScriptBuildPhase;
			buildActionMask = 2147483647;
			files = (
			);
			inputPaths = (
			);
			name = "[CP] Copy Pods Resources";
			outputPaths = (
			);
			runOnlyForDeploymentPostprocessing = 0;
			shellPath = /bin/sh;
			shellScript = "\"${SRCROOT}/Pods/Target Support Files/Pods-AutoDoorPro/Pods-AutoDoorPro-resources.sh\"\n";
			showEnvVarsInLog = 0;
		};
/* End PBXShellScriptBuildPhase section */

/* Begin PBXSourcesBuildPhase section */
		7D742E871E65122200EABF88 /* Sources */ = {
			isa = PBXSourcesBuildPhase;
			buildActionMask = 2147483647;
			files = (
				7D84244D1E7BBF8F0049C8D6 /* BLECode.m in Sources */,
				7D7F50D21E665E6400446A4A /* SEFilterControl.m in Sources */,
				7D7F50D31E665E6400446A4A /* SEFilterKnob.m in Sources */,
				7D8581D01E7F6C3B0046DAE5 /* BLESliderView.m in Sources */,
				7D742EC91E65135D00EABF88 /* ControllDoorController.m in Sources */,
				7DC8F2A91E7A2A4E006E46F7 /* PeripheralInfo.m in Sources */,
				7D742E961E65122200EABF88 /* ViewController.m in Sources */,
				7D742ECD1E6555F700EABF88 /* SettingsController.m in Sources */,
				7D742E931E65122200EABF88 /* AppDelegate.m in Sources */,
				7D7DD92B1E8135150005EED8 /* UMConfig.m in Sources */,
				7D7F50D71E669B4200446A4A /* UIButton+Block.m in Sources */,
				7D742ED01E6556F800EABF88 /* XHNavView.m in Sources */,
				7D742E901E65122200EABF88 /* main.m in Sources */,
				7DBB538A1E9E18F30006A2A2 /* BLETool.m in Sources */,
			);
			runOnlyForDeploymentPostprocessing = 0;
		};
		7D742EA01E65122200EABF88 /* Sources */ = {
			isa = PBXSourcesBuildPhase;
			buildActionMask = 2147483647;
			files = (
				7D742EA91E65122200EABF88 /* AutoDoorProTests.m in Sources */,
			);
			runOnlyForDeploymentPostprocessing = 0;
		};
		7D742EAB1E65122200EABF88 /* Sources */ = {
			isa = PBXSourcesBuildPhase;
			buildActionMask = 2147483647;
			files = (
				7D742EB41E65122200EABF88 /* AutoDoorProUITests.m in Sources */,
			);
			runOnlyForDeploymentPostprocessing = 0;
		};
/* End PBXSourcesBuildPhase section */

/* Begin PBXTargetDependency section */
		7D742EA61E65122200EABF88 /* PBXTargetDependency */ = {
			isa = PBXTargetDependency;
			target = 7D742E8A1E65122200EABF88 /* AutoDoorPro */;
			targetProxy = 7D742EA51E65122200EABF88 /* PBXContainerItemProxy */;
		};
		7D742EB11E65122200EABF88 /* PBXTargetDependency */ = {
			isa = PBXTargetDependency;
			target = 7D742E8A1E65122200EABF88 /* AutoDoorPro */;
			targetProxy = 7D742EB01E65122200EABF88 /* PBXContainerItemProxy */;
		};
/* End PBXTargetDependency section */

/* Begin PBXVariantGroup section */
		7D742E971E65122200EABF88 /* Main.storyboard */ = {
			isa = PBXVariantGroup;
			children = (
				7D742E981E65122200EABF88 /* Base */,
			);
			name = Main.storyboard;
			sourceTree = "<group>";
		};
		7D742E9C1E65122200EABF88 /* LaunchScreen.storyboard */ = {
			isa = PBXVariantGroup;
			children = (
				7D742E9D1E65122200EABF88 /* Base */,
			);
			name = LaunchScreen.storyboard;
			sourceTree = "<group>";
		};
/* End PBXVariantGroup section */

/* Begin XCBuildConfiguration section */
		7D742EB61E65122200EABF88 /* Debug */ = {
			isa = XCBuildConfiguration;
			buildSettings = {
				ALWAYS_SEARCH_USER_PATHS = NO;
				CLANG_ANALYZER_NONNULL = YES;
				CLANG_CXX_LANGUAGE_STANDARD = "gnu++0x";
				CLANG_CXX_LIBRARY = "libc++";
				CLANG_ENABLE_MODULES = YES;
				CLANG_ENABLE_OBJC_ARC = YES;
				CLANG_WARN_BOOL_CONVERSION = YES;
				CLANG_WARN_CONSTANT_CONVERSION = YES;
				CLANG_WARN_DIRECT_OBJC_ISA_USAGE = YES_ERROR;
				CLANG_WARN_DOCUMENTATION_COMMENTS = YES;
				CLANG_WARN_EMPTY_BODY = YES;
				CLANG_WARN_ENUM_CONVERSION = YES;
				CLANG_WARN_INFINITE_RECURSION = YES;
				CLANG_WARN_INT_CONVERSION = YES;
				CLANG_WARN_OBJC_ROOT_CLASS = YES_ERROR;
				CLANG_WARN_SUSPICIOUS_MOVE = YES;
				CLANG_WARN_UNREACHABLE_CODE = YES;
				CLANG_WARN__DUPLICATE_METHOD_MATCH = YES;
				"CODE_SIGN_IDENTITY[sdk=iphoneos*]" = "iPhone Developer";
				COPY_PHASE_STRIP = NO;
				DEBUG_INFORMATION_FORMAT = dwarf;
				ENABLE_STRICT_OBJC_MSGSEND = YES;
				ENABLE_TESTABILITY = YES;
				GCC_C_LANGUAGE_STANDARD = gnu99;
				GCC_DYNAMIC_NO_PIC = NO;
				GCC_NO_COMMON_BLOCKS = YES;
				GCC_OPTIMIZATION_LEVEL = 0;
				GCC_PREPROCESSOR_DEFINITIONS = (
					"DEBUG=1",
					"$(inherited)",
				);
				GCC_WARN_64_TO_32_BIT_CONVERSION = YES;
				GCC_WARN_ABOUT_RETURN_TYPE = YES_ERROR;
				GCC_WARN_UNDECLARED_SELECTOR = YES;
				GCC_WARN_UNINITIALIZED_AUTOS = YES_AGGRESSIVE;
				GCC_WARN_UNUSED_FUNCTION = YES;
				GCC_WARN_UNUSED_VARIABLE = YES;
				IPHONEOS_DEPLOYMENT_TARGET = 10.2;
				MTL_ENABLE_DEBUG_INFO = YES;
				ONLY_ACTIVE_ARCH = YES;
				SDKROOT = iphoneos;
				TARGETED_DEVICE_FAMILY = "1,2";
			};
			name = Debug;
		};
		7D742EB71E65122200EABF88 /* Release */ = {
			isa = XCBuildConfiguration;
			buildSettings = {
				ALWAYS_SEARCH_USER_PATHS = NO;
				CLANG_ANALYZER_NONNULL = YES;
				CLANG_CXX_LANGUAGE_STANDARD = "gnu++0x";
				CLANG_CXX_LIBRARY = "libc++";
				CLANG_ENABLE_MODULES = YES;
				CLANG_ENABLE_OBJC_ARC = YES;
				CLANG_WARN_BOOL_CONVERSION = YES;
				CLANG_WARN_CONSTANT_CONVERSION = YES;
				CLANG_WARN_DIRECT_OBJC_ISA_USAGE = YES_ERROR;
				CLANG_WARN_DOCUMENTATION_COMMENTS = YES;
				CLANG_WARN_EMPTY_BODY = YES;
				CLANG_WARN_ENUM_CONVERSION = YES;
				CLANG_WARN_INFINITE_RECURSION = YES;
				CLANG_WARN_INT_CONVERSION = YES;
				CLANG_WARN_OBJC_ROOT_CLASS = YES_ERROR;
				CLANG_WARN_SUSPICIOUS_MOVE = YES;
				CLANG_WARN_UNREACHABLE_CODE = YES;
				CLANG_WARN__DUPLICATE_METHOD_MATCH = YES;
				"CODE_SIGN_IDENTITY[sdk=iphoneos*]" = "iPhone Developer";
				COPY_PHASE_STRIP = NO;
				DEBUG_INFORMATION_FORMAT = "dwarf-with-dsym";
				ENABLE_NS_ASSERTIONS = NO;
				ENABLE_STRICT_OBJC_MSGSEND = YES;
				GCC_C_LANGUAGE_STANDARD = gnu99;
				GCC_NO_COMMON_BLOCKS = YES;
				GCC_WARN_64_TO_32_BIT_CONVERSION = YES;
				GCC_WARN_ABOUT_RETURN_TYPE = YES_ERROR;
				GCC_WARN_UNDECLARED_SELECTOR = YES;
				GCC_WARN_UNINITIALIZED_AUTOS = YES_AGGRESSIVE;
				GCC_WARN_UNUSED_FUNCTION = YES;
				GCC_WARN_UNUSED_VARIABLE = YES;
				IPHONEOS_DEPLOYMENT_TARGET = 10.2;
				MTL_ENABLE_DEBUG_INFO = NO;
				SDKROOT = iphoneos;
				TARGETED_DEVICE_FAMILY = "1,2";
				VALIDATE_PRODUCT = YES;
			};
			name = Release;
		};
		7D742EB91E65122200EABF88 /* Debug */ = {
			isa = XCBuildConfiguration;
			baseConfigurationReference = C3136FBD5939C536188BD217 /* Pods-AutoDoorPro.debug.xcconfig */;
			buildSettings = {
				ASSETCATALOG_COMPILER_APPICON_NAME = AppIcon;
				DEVELOPMENT_TEAM = U67HE66P67;
				GCC_PRECOMPILE_PREFIX_HEADER = YES;
				GCC_PREFIX_HEADER = AutoDoorPro/AutodoorPrefixHeader.pch;
				INFOPLIST_FILE = AutoDoorPro/Info.plist;
				IPHONEOS_DEPLOYMENT_TARGET = 8.0;
				LD_RUNPATH_SEARCH_PATHS = "$(inherited) @executable_path/Frameworks";
				PRODUCT_BUNDLE_IDENTIFIER = xhliang.AutoDoorPro;
				PRODUCT_NAME = "$(TARGET_NAME)";
			};
			name = Debug;
		};
		7D742EBA1E65122200EABF88 /* Release */ = {
			isa = XCBuildConfiguration;
			baseConfigurationReference = FBA2402617430B8ECD6447FC /* Pods-AutoDoorPro.release.xcconfig */;
			buildSettings = {
				ASSETCATALOG_COMPILER_APPICON_NAME = AppIcon;
				DEVELOPMENT_TEAM = U67HE66P67;
				GCC_PRECOMPILE_PREFIX_HEADER = YES;
				GCC_PREFIX_HEADER = AutoDoorPro/AutodoorPrefixHeader.pch;
				INFOPLIST_FILE = AutoDoorPro/Info.plist;
				IPHONEOS_DEPLOYMENT_TARGET = 8.0;
				LD_RUNPATH_SEARCH_PATHS = "$(inherited) @executable_path/Frameworks";
				PRODUCT_BUNDLE_IDENTIFIER = xhliang.AutoDoorPro;
				PRODUCT_NAME = "$(TARGET_NAME)";
			};
			name = Release;
		};
		7D742EBC1E65122200EABF88 /* Debug */ = {
			isa = XCBuildConfiguration;
			buildSettings = {
				BUNDLE_LOADER = "$(TEST_HOST)";
				DEVELOPMENT_TEAM = Y7K95VGMAC;
				INFOPLIST_FILE = AutoDoorProTests/Info.plist;
				LD_RUNPATH_SEARCH_PATHS = "$(inherited) @executable_path/Frameworks @loader_path/Frameworks";
				PRODUCT_BUNDLE_IDENTIFIER = xhliang.AutoDoorProTests;
				PRODUCT_NAME = "$(TARGET_NAME)";
				TEST_HOST = "$(BUILT_PRODUCTS_DIR)/AutoDoorPro.app/AutoDoorPro";
			};
			name = Debug;
		};
		7D742EBD1E65122200EABF88 /* Release */ = {
			isa = XCBuildConfiguration;
			buildSettings = {
				BUNDLE_LOADER = "$(TEST_HOST)";
				DEVELOPMENT_TEAM = Y7K95VGMAC;
				INFOPLIST_FILE = AutoDoorProTests/Info.plist;
				LD_RUNPATH_SEARCH_PATHS = "$(inherited) @executable_path/Frameworks @loader_path/Frameworks";
				PRODUCT_BUNDLE_IDENTIFIER = xhliang.AutoDoorProTests;
				PRODUCT_NAME = "$(TARGET_NAME)";
				TEST_HOST = "$(BUILT_PRODUCTS_DIR)/AutoDoorPro.app/AutoDoorPro";
			};
			name = Release;
		};
		7D742EBF1E65122200EABF88 /* Debug */ = {
			isa = XCBuildConfiguration;
			buildSettings = {
				DEVELOPMENT_TEAM = Y7K95VGMAC;
				INFOPLIST_FILE = AutoDoorProUITests/Info.plist;
				LD_RUNPATH_SEARCH_PATHS = "$(inherited) @executable_path/Frameworks @loader_path/Frameworks";
				PRODUCT_BUNDLE_IDENTIFIER = xhliang.AutoDoorProUITests;
				PRODUCT_NAME = "$(TARGET_NAME)";
				TEST_TARGET_NAME = AutoDoorPro;
			};
			name = Debug;
		};
		7D742EC01E65122200EABF88 /* Release */ = {
			isa = XCBuildConfiguration;
			buildSettings = {
				DEVELOPMENT_TEAM = Y7K95VGMAC;
				INFOPLIST_FILE = AutoDoorProUITests/Info.plist;
				LD_RUNPATH_SEARCH_PATHS = "$(inherited) @executable_path/Frameworks @loader_path/Frameworks";
				PRODUCT_BUNDLE_IDENTIFIER = xhliang.AutoDoorProUITests;
				PRODUCT_NAME = "$(TARGET_NAME)";
				TEST_TARGET_NAME = AutoDoorPro;
			};
			name = Release;
		};
/* End XCBuildConfiguration section */

/* Begin XCConfigurationList section */
		7D742E861E65122200EABF88 /* Build configuration list for PBXProject "AutoDoorPro" */ = {
			isa = XCConfigurationList;
			buildConfigurations = (
				7D742EB61E65122200EABF88 /* Debug */,
				7D742EB71E65122200EABF88 /* Release */,
			);
			defaultConfigurationIsVisible = 0;
			defaultConfigurationName = Release;
		};
		7D742EB81E65122200EABF88 /* Build configuration list for PBXNativeTarget "AutoDoorPro" */ = {
			isa = XCConfigurationList;
			buildConfigurations = (
				7D742EB91E65122200EABF88 /* Debug */,
				7D742EBA1E65122200EABF88 /* Release */,
			);
			defaultConfigurationIsVisible = 0;
			defaultConfigurationName = Release;
		};
		7D742EBB1E65122200EABF88 /* Build configuration list for PBXNativeTarget "AutoDoorProTests" */ = {
			isa = XCConfigurationList;
			buildConfigurations = (
				7D742EBC1E65122200EABF88 /* Debug */,
				7D742EBD1E65122200EABF88 /* Release */,
			);
			defaultConfigurationIsVisible = 0;
			defaultConfigurationName = Release;
		};
		7D742EBE1E65122200EABF88 /* Build configuration list for PBXNativeTarget "AutoDoorProUITests" */ = {
			isa = XCConfigurationList;
			buildConfigurations = (
				7D742EBF1E65122200EABF88 /* Debug */,
				7D742EC01E65122200EABF88 /* Release */,
			);
			defaultConfigurationIsVisible = 0;
			defaultConfigurationName = Release;
		};
/* End XCConfigurationList section */
	};
	rootObject = 7D742E831E65122200EABF88 /* Project object */;
}
